
Microsoft Visual Studio Solution File, Format Version 12.00
# Visual Studio Version 16
VisualStudioVersion = 16.0.31702.278
MinimumVisualStudioVersion = 10.0.40219.1
Project("{FAE04EC0-301F-11D3-BF4B-00C04F79EFBC}") = "JWT", "JWT\JWT.csproj", "{90BE627C-E44E-48E1-AFE3-9623C9756A78}"
EndProject
Global
	GlobalSection(SolutionConfigurationPlatforms) = preSolution
		Debug|Any CPU = Debug|Any CPU
		Release|Any CPU = Release|Any CPU
	EndGlobalSection
	GlobalSection(ProjectConfigurationPlatforms) = postSolution
		{90BE627C-E44E-48E1-AFE3-9623C9756A78}.Debug|Any CPU.ActiveCfg = Debug|Any CPU
		{90BE627C-E44E-48E1-AFE3-9623C9756A78}.Debug|Any CPU.Build.0 = Debug|Any CPU
		{90BE627C-E44E-48E1-AFE3-9623C9756A78}.Release|Any CPU.ActiveCfg = Release|Any CPU
		{90BE627C-E44E-48E1-AFE3-9623C9756A78}.Release|Any CPU.Build.0 = Release|Any CPU
	EndGlobalSection
	GlobalSection(SolutionProperties) = preSolution
		HideSolutionNode = FALSE
	EndGlobalSection
	GlobalSection(ExtensibilityGlobals) = postSolution
		SolutionGuid = {259F8219-8797-427C-ADA7-E9EC6F8853F4}
	EndGlobalSection
EndGlobal
